
Microsoft Visual Studio Solution File, Format Version 12.00
# Visual Studio 15
VisualStudioVersion = 15.0.28010.2041
MinimumVisualStudioVersion = 10.0.40219.1
Project("{FAE04EC0-301F-11D3-BF4B-00C04F79EFBC}") = "FTPClient", "FTPClient\FTPClient.csproj", "{FF4D9461-E9C1-40EF-85BF-7E0432D7E357}"
EndProject
Project("{FAE04EC0-301F-11D3-BF4B-00C04F79EFBC}") = "FTPClientGUI", "FTPClientGUI\FTPClientGUI.csproj", "{6EF4FE5E-32C0-447B-8644-2586D91231B0}"
EndProject
Global
	GlobalSection(SolutionConfigurationPlatforms) = preSolution
		Debug|Any CPU = Debug|Any CPU
		Release|Any CPU = Release|Any CPU
	EndGlobalSection
	GlobalSection(ProjectConfigurationPlatforms) = postSolution
		{FF4D9461-E9C1-40EF-85BF-7E0432D7E357}.Debug|Any CPU.ActiveCfg = Debug|Any CPU
		{FF4D9461-E9C1-40EF-85BF-7E0432D7E357}.Debug|Any CPU.Build.0 = Debug|Any CPU
		{FF4D9461-E9C1-40EF-85BF-7E0432D7E357}.Release|Any CPU.ActiveCfg = Release|Any CPU
		{FF4D9461-E9C1-40EF-85BF-7E0432D7E357}.Release|Any CPU.Build.0 = Release|Any CPU
		{6EF4FE5E-32C0-447B-8644-2586D91231B0}.Debug|Any CPU.ActiveCfg = Debug|Any CPU
		{6EF4FE5E-32C0-447B-8644-2586D91231B0}.Debug|Any CPU.Build.0 = Debug|Any CPU
		{6EF4FE5E-32C0-447B-8644-2586D91231B0}.Release|Any CPU.ActiveCfg = Release|Any CPU
		{6EF4FE5E-32C0-447B-8644-2586D91231B0}.Release|Any CPU.Build.0 = Release|Any CPU
	EndGlobalSection
	GlobalSection(SolutionProperties) = preSolution
		HideSolutionNode = FALSE
	EndGlobalSection
	GlobalSection(ExtensibilityGlobals) = postSolution
		SolutionGuid = {DA678CD9-0F18-4654-B301-1AF623CEBA26}
	EndGlobalSection
EndGlobal
